
Microsoft Visual Studio Solution File, Format Version 12.00
# Visual Studio Version 17
VisualStudioVersion = 17.11.35222.181
MinimumVisualStudioVersion = 10.0.40219.1
Project("{FAE04EC0-301F-11D3-BF4B-00C04F79EFBC}") = "PostmanCloneLibrary", "PostmanCloneLibrary\PostmanCloneLibrary.csproj", "{39CC224C-2211-4E9B-877A-01C1C88DFD97}"
EndProject
Project("{FAE04EC0-301F-11D3-BF4B-00C04F79EFBC}") = "PostmanCloneUI", "PostmanCloneUI\PostmanCloneUI.csproj", "{9494ABE8-6E37-4704-ABE3-15A6B9BF03DC}"
EndProject
Global
	GlobalSection(SolutionConfigurationPlatforms) = preSolution
		Debug|Any CPU = Debug|Any CPU
		Release|Any CPU = Release|Any CPU
	EndGlobalSection
	GlobalSection(ProjectConfigurationPlatforms) = postSolution
		{39CC224C-2211-4E9B-877A-01C1C88DFD97}.Debug|Any CPU.ActiveCfg = Debug|Any CPU
		{39CC224C-2211-4E9B-877A-01C1C88DFD97}.Debug|Any CPU.Build.0 = Debug|Any CPU
		{39CC224C-2211-4E9B-877A-01C1C88DFD97}.Release|Any CPU.ActiveCfg = Release|Any CPU
		{39CC224C-2211-4E9B-877A-01C1C88DFD97}.Release|Any CPU.Build.0 = Release|Any CPU
		{9494ABE8-6E37-4704-ABE3-15A6B9BF03DC}.Debug|Any CPU.ActiveCfg = Debug|Any CPU
		{9494ABE8-6E37-4704-ABE3-15A6B9BF03DC}.Debug|Any CPU.Build.0 = Debug|Any CPU
		{9494ABE8-6E37-4704-ABE3-15A6B9BF03DC}.Release|Any CPU.ActiveCfg = Release|Any CPU
		{9494ABE8-6E37-4704-ABE3-15A6B9BF03DC}.Release|Any CPU.Build.0 = Release|Any CPU
	EndGlobalSection
	GlobalSection(SolutionProperties) = preSolution
		HideSolutionNode = FALSE
	EndGlobalSection
	GlobalSection(ExtensibilityGlobals) = postSolution
		SolutionGuid = {27FB0A88-481C-4719-812B-5476A04BF031}
	EndGlobalSection
EndGlobal
